// !$*UTF8*$!
{
	archiveVersion = 1;
	classes = {
	};
	objectVersion = 77;
	objects = {

/* Begin PBXContainerItemProxy section */
		3A6FD1012DCA99380056FB2C /* PBXContainerItemProxy */ = {
			isa = PBXContainerItemProxy;
			containerPortal = 3A6FD0E82DCA99360056FB2C /* Project object */;
			proxyType = 1;
			remoteGlobalIDString = 3A6FD0EF2DCA99360056FB2C;
			remoteInfo = NoteAi;
		};
		3A6FD10B2DCA99380056FB2C /* PBXContainerItemProxy */ = {
			isa = PBXContainerItemProxy;
			containerPortal = 3A6FD0E82DCA99360056FB2C /* Project object */;
			proxyType = 1;
			remoteGlobalIDString = 3A6FD0EF2DCA99360056FB2C;
			remoteInfo = NoteAi;
		};
/* End PBXContainerItemProxy section */

/* Begin PBXFileReference section */
		3A6FD0F02DCA99360056FB2C /* NoteAi.app */ = {isa = PBXFileReference; explicitFileType = wrapper.application; includeInIndex = 0; path = NoteAi.app; sourceTree = BUILT_PRODUCTS_DIR; };
		3A6FD1002DCA99380056FB2C /* NoteAiTests.xctest */ = {isa = PBXFileReference; explicitFileType = wrapper.cfbundle; includeInIndex = 0; path = NoteAiTests.xctest; sourceTree = BUILT_PRODUCTS_DIR; };
		3A6FD10A2DCA99380056FB2C /* NoteAiUITests.xctest */ = {isa = PBXFileReference; explicitFileType = wrapper.cfbundle; includeInIndex = 0; path = NoteAiUITests.xctest; sourceTree = BUILT_PRODUCTS_DIR; };
/* End PBXFileReference section */

/* Begin PBXFileSystemSynchronizedBuildFileExceptionSet section */
		33D01EA22DDD31F300643D07 /* Exceptions for "NoteAi" folder in "NoteAi" target */ = {
			isa = PBXFileSystemSynchronizedBuildFileExceptionSet;
			membershipExceptions = (
				Info.plist,
			);
			target = 3A6FD0EF2DCA99360056FB2C /* NoteAi */;
		};
/* End PBXFileSystemSynchronizedBuildFileExceptionSet section */

/* Begin PBXFileSystemSynchronizedRootGroup section */
		3A6FD0F22DCA99360056FB2C /* NoteAi */ = {
			isa = PBXFileSystemSynchronizedRootGroup;
			exceptions = (
				33D01EA22DDD31F300643D07 /* Exceptions for "NoteAi" folder in "NoteAi" target */,
			);
			path = NoteAi;
			sourceTree = "<group>";
		};
		3A6FD1032DCA99380056FB2C /* NoteAiTests */ = {
			isa = PBXFileSystemSynchronizedRootGroup;
			path = NoteAiTests;
			sourceTree = "<group>";
		};
		3A6FD10D2DCA99380056FB2C /* NoteAiUITests */ = {
			isa = PBXFileSystemSynchronizedRootGroup;
			path = NoteAiUITests;
			sourceTree = "<group>";
		};
/* End PBXFileSystemSynchronizedRootGroup section */

/* Begin PBXFrameworksBuildPhase section */
		3A6FD0ED2DCA99360056FB2C /* Frameworks */ = {
			isa = PBXFrameworksBuildPhase;
			buildActionMask = 2147483647;
			files = (
			);
			runOnlyForDeploymentPostprocessing = 0;
		};
		3A6FD0FD2DCA99380056FB2C /* Frameworks */ = {
			isa = PBXFrameworksBuildPhase;
			buildActionMask = 2147483647;
			files = (
			);
			runOnlyForDeploymentPostprocessing = 0;
		};
		3A6FD1072DCA99380056FB2C /* Frameworks */ = {
			isa = PBXFrameworksBuildPhase;
			buildActionMask = 2147483647;
			files = (
			);
			runOnlyForDeploymentPostprocessing = 0;
		};
/* End PBXFrameworksBuildPhase section */

/* Begin PBXGroup section */
		3A6FD0E72DCA99360056FB2C = {
			isa = PBXGroup;
			children = (
				3A6FD0F22DCA99360056FB2C /* NoteAi */,
				3A6FD1032DCA99380056FB2C /* NoteAiTests */,
				3A6FD10D2DCA99380056FB2C /* NoteAiUITests */,
				3A6FD0F12DCA99360056FB2C /* Products */,
			);
			sourceTree = "<group>";
		};
		3A6FD0F12DCA99360056FB2C /* Products */ = {
			isa = PBXGroup;
			children = (
				3A6FD0F02DCA99360056FB2C /* NoteAi.app */,
				3A6FD1002DCA99380056FB2C /* NoteAiTests.xctest */,
				3A6FD10A2DCA99380056FB2C /* NoteAiUITests.xctest */,
			);
			name = Products;
			sourceTree = "<group>";
		};
/* End PBXGroup section */

/* Begin PBXNativeTarget section */
		3A6FD0EF2DCA99360056FB2C /* NoteAi */ = {
			isa = PBXNativeTarget;
			buildConfigurationList = 3A6FD1142DCA99380056FB2C /* Build configuration list for PBXNativeTarget "NoteAi" */;
			buildPhases = (
				3A6FD0EC2DCA99360056FB2C /* Sources */,
				3A6FD0ED2DCA99360056FB2C /* Frameworks */,
				3A6FD0EE2DCA99360056FB2C /* Resources */,
			);
			buildRules = (
			);
			dependencies = (
			);
			fileSystemSynchronizedGroups = (
				3A6FD0F22DCA99360056FB2C /* NoteAi */,
			);
			name = NoteAi;
			packageProductDependencies = (
			);
			productName = NoteAi;
			productReference = 3A6FD0F02DCA99360056FB2C /* NoteAi.app */;
			productType = "com.apple.product-type.application";
		};
		3A6FD0FF2DCA99380056FB2C /* NoteAiTests */ = {
			isa = PBXNativeTarget;
			buildConfigurationList = 3A6FD1172DCA99380056FB2C /* Build configuration list for PBXNativeTarget "NoteAiTests" */;
			buildPhases = (
				3A6FD0FC2DCA99380056FB2C /* Sources */,
				3A6FD0FD2DCA99380056FB2C /* Frameworks */,
				3A6FD0FE2DCA99380056FB2C /* Resources */,
			);
			buildRules = (
			);
			dependencies = (
				3A6FD1022DCA99380056FB2C /* PBXTargetDependency */,
			);
			fileSystemSynchronizedGroups = (
				3A6FD1032DCA99380056FB2C /* NoteAiTests */,
			);
			name = NoteAiTests;
			packageProductDependencies = (
			);
			productName = NoteAiTests;
			productReference = 3A6FD1002DCA99380056FB2C /* NoteAiTests.xctest */;
			productType = "com.apple.product-type.bundle.unit-test";
		};
		3A6FD1092DCA99380056FB2C /* NoteAiUITests */ = {
			isa = PBXNativeTarget;
			buildConfigurationList = 3A6FD11A2DCA99380056FB2C /* Build configuration list for PBXNativeTarget "NoteAiUITests" */;
			buildPhases = (
				3A6FD1062DCA99380056FB2C /* Sources */,
				3A6FD1072DCA99380056FB2C /* Frameworks */,
				3A6FD1082DCA99380056FB2C /* Resources */,
			);
			buildRules = (
			);
			dependencies = (
				3A6FD10C2DCA99380056FB2C /* PBXTargetDependency */,
			);
			fileSystemSynchronizedGroups = (
				3A6FD10D2DCA99380056FB2C /* NoteAiUITests */,
			);
			name = NoteAiUITests;
			packageProductDependencies = (
			);
			productName = NoteAiUITests;
			productReference = 3A6FD10A2DCA99380056FB2C /* NoteAiUITests.xctest */;
			productType = "com.apple.product-type.bundle.ui-testing";
		};
/* End PBXNativeTarget section */

/* Begin PBXProject section */
		3A6FD0E82DCA99360056FB2C /* Project object */ = {
			isa = PBXProject;
			attributes = {
				BuildIndependentTargetsInParallel = 1;
				LastSwiftUpdateCheck = 1600;
				LastUpgradeCheck = 1600;
				TargetAttributes = {
					3A6FD0EF2DCA99360056FB2C = {
						CreatedOnToolsVersion = 16.0;
					};
					3A6FD0FF2DCA99380056FB2C = {
						CreatedOnToolsVersion = 16.0;
						TestTargetID = 3A6FD0EF2DCA99360056FB2C;
					};
					3A6FD1092DCA99380056FB2C = {
						CreatedOnToolsVersion = 16.0;
						TestTargetID = 3A6FD0EF2DCA99360056FB2C;
					};
				};
			};
			buildConfigurationList = 3A6FD0EB2DCA99360056FB2C /* Build configuration list for PBXProject "NoteAi" */;
			developmentRegion = en;
			hasScannedForEncodings = 0;
			knownRegions = (
				en,
				Base,
			);
			mainGroup = 3A6FD0E72DCA99360056FB2C;
			minimizedProjectReferenceProxies = 1;
			preferredProjectObjectVersion = 77;
			productRefGroup = 3A6FD0F12DCA99360056FB2C /* Products */;
			projectDirPath = "";
			projectRoot = "";
			targets = (
				3A6FD0EF2DCA99360056FB2C /* NoteAi */,
				3A6FD0FF2DCA99380056FB2C /* NoteAiTests */,
				3A6FD1092DCA99380056FB2C /* NoteAiUITests */,
			);
		};
/* End PBXProject section */

/* Begin PBXResourcesBuildPhase section */
		3A6FD0EE2DCA99360056FB2C /* Resources */ = {
			isa = PBXResourcesBuildPhase;
			buildActionMask = 2147483647;
			files = (
			);
			runOnlyForDeploymentPostprocessing = 0;
		};
		3A6FD0FE2DCA99380056FB2C /* Resources */ = {
			isa = PBXResourcesBuildPhase;
			buildActionMask = 2147483647;
			files = (
			);
			runOnlyForDeploymentPostprocessing = 0;
		};
		3A6FD1082DCA99380056FB2C /* Resources */ = {
			isa = PBXResourcesBuildPhase;
			buildActionMask = 2147483647;
			files = (
			);
			runOnlyForDeploymentPostprocessing = 0;
		};
/* End PBXResourcesBuildPhase section */

/* Begin PBXSourcesBuildPhase section */
		3A6FD0EC2DCA99360056FB2C /* Sources */ = {
			isa = PBXSourcesBuildPhase;
			buildActionMask = 2147483647;
			files = (
			);
			runOnlyForDeploymentPostprocessing = 0;
		};
		3A6FD0FC2DCA99380056FB2C /* Sources */ = {
			isa = PBXSourcesBuildPhase;
			buildActionMask = 2147483647;
			files = (
			);
			runOnlyForDeploymentPostprocessing = 0;
		};
		3A6FD1062DCA99380056FB2C /* Sources */ = {
			isa = PBXSourcesBuildPhase;
			buildActionMask = 2147483647;
			files = (
			);
			runOnlyForDeploymentPostprocessing = 0;
		};
/* End PBXSourcesBuildPhase section */

/* Begin PBXTargetDependency section */
		3A6FD1022DCA99380056FB2C /* PBXTargetDependency */ = {
			isa = PBXTargetDependency;
			target = 3A6FD0EF2DCA99360056FB2C /* NoteAi */;
			targetProxy = 3A6FD1012DCA99380056FB2C /* PBXContainerItemProxy */;
		};
		3A6FD10C2DCA99380056FB2C /* PBXTargetDependency */ = {
			isa = PBXTargetDependency;
			target = 3A6FD0EF2DCA99360056FB2C /* NoteAi */;
			targetProxy = 3A6FD10B2DCA99380056FB2C /* PBXContainerItemProxy */;
		};
/* End PBXTargetDependency section */

/* Begin XCBuildConfiguration section */
		3A6FD1122DCA99380056FB2C /* Debug */ = {
			isa = XCBuildConfiguration;
			buildSettings = {
				ALWAYS_SEARCH_USER_PATHS = NO;
				ASSETCATALOG_COMPILER_GENERATE_SWIFT_ASSET_SYMBOL_EXTENSIONS = YES;
				CLANG_ANALYZER_NONNULL = YES;
				CLANG_ANALYZER_NUMBER_OBJECT_CONVERSION = YES_AGGRESSIVE;
				CLANG_CXX_LANGUAGE_STANDARD = "gnu++20";
				CLANG_ENABLE_MODULES = YES;
				CLANG_ENABLE_OBJC_ARC = YES;
				CLANG_ENABLE_OBJC_WEAK = YES;
				CLANG_WARN_BLOCK_CAPTURE_AUTORELEASING = YES;
				CLANG_WARN_BOOL_CONVERSION = YES;
				CLANG_WARN_COMMA = YES;
				CLANG_WARN_CONSTANT_CONVERSION = YES;
				CLANG_WARN_DEPRECATED_OBJC_IMPLEMENTATIONS = YES;
				CLANG_WARN_DIRECT_OBJC_ISA_USAGE = YES_ERROR;
				CLANG_WARN_DOCUMENTATION_COMMENTS = YES;
				CLANG_WARN_EMPTY_BODY = YES;
				CLANG_WARN_ENUM_CONVERSION = YES;
				CLANG_WARN_INFINITE_RECURSION = YES;
				CLANG_WARN_INT_CONVERSION = YES;
				CLANG_WARN_NON_LITERAL_NULL_CONVERSION = YES;
				CLANG_WARN_OBJC_IMPLICIT_RETAIN_SELF = YES;
				CLANG_WARN_OBJC_LITERAL_CONVERSION = YES;
				CLANG_WARN_OBJC_ROOT_CLASS = YES_ERROR;
				CLANG_WARN_QUOTED_INCLUDE_IN_FRAMEWORK_HEADER = YES;
				CLANG_WARN_RANGE_LOOP_ANALYSIS = YES;
				CLANG_WARN_STRICT_PROTOTYPES = YES;
				CLANG_WARN_SUSPICIOUS_MOVE = YES;
				CLANG_WARN_UNGUARDED_AVAILABILITY = YES_AGGRESSIVE;
				CLANG_WARN_UNREACHABLE_CODE = YES;
				CLANG_WARN__DUPLICATE_METHOD_MATCH = YES;
				COPY_PHASE_STRIP = NO;
				DEBUG_INFORMATION_FORMAT = dwarf;
				ENABLE_STRICT_OBJC_MSGSEND = YES;
				ENABLE_TESTABILITY = YES;
				ENABLE_USER_SCRIPT_SANDBOXING = YES;
				GCC_C_LANGUAGE_STANDARD = gnu17;
				GCC_DYNAMIC_NO_PIC = NO;
				GCC_NO_COMMON_BLOCKS = YES;
				GCC_OPTIMIZATION_LEVEL = 0;
				GCC_PREPROCESSOR_DEFINITIONS = (
					"DEBUG=1",
					"$(inherited)",
				);
				GCC_WARN_64_TO_32_BIT_CONVERSION = YES;
				GCC_WARN_ABOUT_RETURN_TYPE = YES_ERROR;
				GCC_WARN_UNDECLARED_SELECTOR = YES;
				GCC_WARN_UNINITIALIZED_AUTOS = YES_AGGRESSIVE;
				GCC_WARN_UNUSED_FUNCTION = YES;
				GCC_WARN_UNUSED_VARIABLE = YES;
				IPHONEOS_DEPLOYMENT_TARGET = 18.0;
				LOCALIZATION_PREFERS_STRING_CATALOGS = YES;
				MTL_ENABLE_DEBUG_INFO = INCLUDE_SOURCE;
				MTL_FAST_MATH = YES;
				ONLY_ACTIVE_ARCH = YES;
				SDKROOT = iphoneos;
				SWIFT_ACTIVE_COMPILATION_CONDITIONS = "DEBUG $(inherited)";
				SWIFT_OPTIMIZATION_LEVEL = "-Onone";
			};
			name = Debug;
		};
		3A6FD1132DCA99380056FB2C /* Release */ = {
			isa = XCBuildConfiguration;
			buildSettings = {
				ALWAYS_SEARCH_USER_PATHS = NO;
				ASSETCATALOG_COMPILER_GENERATE_SWIFT_ASSET_SYMBOL_EXTENSIONS = YES;
				CLANG_ANALYZER_NONNULL = YES;
				CLANG_ANALYZER_NUMBER_OBJECT_CONVERSION = YES_AGGRESSIVE;
				CLANG_CXX_LANGUAGE_STANDARD = "gnu++20";
				CLANG_ENABLE_MODULES = YES;
				CLANG_ENABLE_OBJC_ARC = YES;
				CLANG_ENABLE_OBJC_WEAK = YES;
				CLANG_WARN_BLOCK_CAPTURE_AUTORELEASING = YES;
				CLANG_WARN_BOOL_CONVERSION = YES;
				CLANG_WARN_COMMA = YES;
				CLANG_WARN_CONSTANT_CONVERSION = YES;
				CLANG_WARN_DEPRECATED_OBJC_IMPLEMENTATIONS = YES;
				CLANG_WARN_DIRECT_OBJC_ISA_USAGE = YES_ERROR;
				CLANG_WARN_DOCUMENTATION_COMMENTS = YES;
				CLANG_WARN_EMPTY_BODY = YES;
				CLANG_WARN_ENUM_CONVERSION = YES;
				CLANG_WARN_INFINITE_RECURSION = YES;
				CLANG_WARN_INT_CONVERSION = YES;
				CLANG_WARN_NON_LITERAL_NULL_CONVERSION = YES;
				CLANG_WARN_OBJC_IMPLICIT_RETAIN_SELF = YES;
				CLANG_WARN_OBJC_LITERAL_CONVERSION = YES;
				CLANG_WARN_OBJC_ROOT_CLASS = YES_ERROR;
				CLANG_WARN_QUOTED_INCLUDE_IN_FRAMEWORK_HEADER = YES;
				CLANG_WARN_RANGE_LOOP_ANALYSIS = YES;
				CLANG_WARN_STRICT_PROTOTYPES = YES;
				CLANG_WARN_SUSPICIOUS_MOVE = YES;
				CLANG_WARN_UNGUARDED_AVAILABILITY = YES_AGGRESSIVE;
				CLANG_WARN_UNREACHABLE_CODE = YES;
				CLANG_WARN__DUPLICATE_METHOD_MATCH = YES;
				COPY_PHASE_STRIP = NO;
				DEBUG_INFORMATION_FORMAT = "dwarf-with-dsym";
				ENABLE_NS_ASSERTIONS = NO;
				ENABLE_STRICT_OBJC_MSGSEND = YES;
				ENABLE_USER_SCRIPT_SANDBOXING = YES;
				GCC_C_LANGUAGE_STANDARD = gnu17;
				GCC_NO_COMMON_BLOCKS = YES;
				GCC_WARN_64_TO_32_BIT_CONVERSION = YES;
				GCC_WARN_ABOUT_RETURN_TYPE = YES_ERROR;
				GCC_WARN_UNDECLARED_SELECTOR = YES;
				GCC_WARN_UNINITIALIZED_AUTOS = YES_AGGRESSIVE;
				GCC_WARN_UNUSED_FUNCTION = YES;
				GCC_WARN_UNUSED_VARIABLE = YES;
				IPHONEOS_DEPLOYMENT_TARGET = 18.0;
				LOCALIZATION_PREFERS_STRING_CATALOGS = YES;
				MTL_ENABLE_DEBUG_INFO = NO;
				MTL_FAST_MATH = YES;
				SDKROOT = iphoneos;
				SWIFT_COMPILATION_MODE = wholemodule;
				VALIDATE_PRODUCT = YES;
			};
			name = Release;
		};
		3A6FD1152DCA99380056FB2C /* Debug */ = {
			isa = XCBuildConfiguration;
			buildSettings = {
				ASSETCATALOG_COMPILER_APPICON_NAME = AppIcon;
				ASSETCATALOG_COMPILER_GLOBAL_ACCENT_COLOR_NAME = AccentColor;
				CODE_SIGN_STYLE = Automatic;
				CURRENT_PROJECT_VERSION = 1;
				DEVELOPMENT_ASSET_PATHS = "\"NoteAi/Preview Content\"";
				DEVELOPMENT_TEAM = F64R8B5WJD;
				ENABLE_PREVIEWS = YES;
				GENERATE_INFOPLIST_FILE = YES;
				INFOPLIST_FILE = NoteAi/Info.plist;
				INFOPLIST_KEY_NSMicrophoneUsageDescription = "";
				INFOPLIST_KEY_NSSpeechRecognitionUsageDescription = "";
				INFOPLIST_KEY_UIApplicationSceneManifest_Generation = YES;
				INFOPLIST_KEY_UIApplicationSupportsIndirectInputEvents = YES;
				INFOPLIST_KEY_UILaunchScreen_Generation = YES;
				INFOPLIST_KEY_UISupportedInterfaceOrientations_iPad = "UIInterfaceOrientationPortrait UIInterfaceOrientationPortraitUpsideDown UIInterfaceOrientationLandscapeLeft UIInterfaceOrientationLandscapeRight";
				INFOPLIST_KEY_UISupportedInterfaceOrientations_iPhone = "UIInterfaceOrientationPortrait UIInterfaceOrientationLandscapeLeft UIInterfaceOrientationLandscapeRight";
				LD_RUNPATH_SEARCH_PATHS = (
					"$(inherited)",
					"@executable_path/Frameworks",
				);
				MARKETING_VERSION = 1.0;
				PRODUCT_BUNDLE_IDENTIFIER = shapeshape.NoteAi;
				PRODUCT_NAME = "$(TARGET_NAME)";
				SWIFT_EMIT_LOC_STRINGS = YES;
				SWIFT_VERSION = 5.0;
				TARGETED_DEVICE_FAMILY = "1,2";
			};
			name = Debug;
		};
		3A6FD1162DCA99380056FB2C /* Release */ = {
			isa = XCBuildConfiguration;
			buildSettings = {
				ASSETCATALOG_COMPILER_APPICON_NAME = AppIcon;
				ASSETCATALOG_COMPILER_GLOBAL_ACCENT_COLOR_NAME = AccentColor;
				CODE_SIGN_STYLE = Automatic;
				CURRENT_PROJECT_VERSION = 1;
				DEVELOPMENT_ASSET_PATHS = "\"NoteAi/Preview Content\"";
				DEVELOPMENT_TEAM = F64R8B5WJD;
				ENABLE_PREVIEWS = YES;
				GENERATE_INFOPLIST_FILE = YES;
				INFOPLIST_FILE = NoteAi/Info.plist;
				INFOPLIST_KEY_NSMicrophoneUsageDescription = "";
				INFOPLIST_KEY_NSSpeechRecognitionUsageDescription = "";
				INFOPLIST_KEY_UIApplicationSceneManifest_Generation = YES;
				INFOPLIST_KEY_UIApplicationSupportsIndirectInputEvents = YES;
				INFOPLIST_KEY_UILaunchScreen_Generation = YES;
				INFOPLIST_KEY_UISupportedInterfaceOrientations_iPad = "UIInterfaceOrientationPortrait UIInterfaceOrientationPortraitUpsideDown UIInterfaceOrientationLandscapeLeft UIInterfaceOrientationLandscapeRight";
				INFOPLIST_KEY_UISupportedInterfaceOrientations_iPhone = "UIInterfaceOrientationPortrait UIInterfaceOrientationLandscapeLeft UIInterfaceOrientationLandscapeRight";
				LD_RUNPATH_SEARCH_PATHS = (
					"$(inherited)",
					"@executable_path/Frameworks",
				);
				MARKETING_VERSION = 1.0;
				PRODUCT_BUNDLE_IDENTIFIER = shapeshape.NoteAi;
				PRODUCT_NAME = "$(TARGET_NAME)";
				SWIFT_EMIT_LOC_STRINGS = YES;
				SWIFT_VERSION = 5.0;
				TARGETED_DEVICE_FAMILY = "1,2";
			};
			name = Release;
		};
		3A6FD1182DCA99380056FB2C /* Debug */ = {
			isa = XCBuildConfiguration;
			buildSettings = {
				BUNDLE_LOADER = "$(TEST_HOST)";
				CODE_SIGN_STYLE = Automatic;
				CURRENT_PROJECT_VERSION = 1;
				DEVELOPMENT_TEAM = F64R8B5WJD;
				GENERATE_INFOPLIST_FILE = YES;
				IPHONEOS_DEPLOYMENT_TARGET = 18.0;
				MARKETING_VERSION = 1.0;
				PRODUCT_BUNDLE_IDENTIFIER = "FishFish-NoteAi";
				PRODUCT_NAME = "$(TARGET_NAME)";
				SWIFT_EMIT_LOC_STRINGS = NO;
				SWIFT_VERSION = 5.0;
				TARGETED_DEVICE_FAMILY = "1,2";
				TEST_HOST = "$(BUILT_PRODUCTS_DIR)/NoteAi.app/$(BUNDLE_EXECUTABLE_FOLDER_PATH)/NoteAi";
			};
			name = Debug;
		};
		3A6FD1192DCA99380056FB2C /* Release */ = {
			isa = XCBuildConfiguration;
			buildSettings = {
				BUNDLE_LOADER = "$(TEST_HOST)";
				CODE_SIGN_STYLE = Automatic;
				CURRENT_PROJECT_VERSION = 1;
				DEVELOPMENT_TEAM = F64R8B5WJD;
				GENERATE_INFOPLIST_FILE = YES;
				IPHONEOS_DEPLOYMENT_TARGET = 18.0;
				MARKETING_VERSION = 1.0;
				PRODUCT_BUNDLE_IDENTIFIER = "FishFish-NoteAi";
				PRODUCT_NAME = "$(TARGET_NAME)";
				SWIFT_EMIT_LOC_STRINGS = NO;
				SWIFT_VERSION = 5.0;
				TARGETED_DEVICE_FAMILY = "1,2";
				TEST_HOST = "$(BUILT_PRODUCTS_DIR)/NoteAi.app/$(BUNDLE_EXECUTABLE_FOLDER_PATH)/NoteAi";
			};
			name = Release;
		};
		3A6FD11B2DCA99380056FB2C /* Debug */ = {
			isa = XCBuildConfiguration;
			buildSettings = {
				CODE_SIGN_STYLE = Automatic;
				CURRENT_PROJECT_VERSION = 1;
				DEVELOPMENT_TEAM = F64R8B5WJD;
				GENERATE_INFOPLIST_FILE = YES;
				MARKETING_VERSION = 1.0;
				PRODUCT_BUNDLE_IDENTIFIER = TFIxDoko.NoteAiUITests;
				PRODUCT_NAME = "$(TARGET_NAME)";
				SWIFT_EMIT_LOC_STRINGS = NO;
				SWIFT_VERSION = 5.0;
				TARGETED_DEVICE_FAMILY = "1,2";
				TEST_TARGET_NAME = NoteAi;
			};
			name = Debug;
		};
		3A6FD11C2DCA99380056FB2C /* Release */ = {
			isa = XCBuildConfiguration;
			buildSettings = {
				CODE_SIGN_STYLE = Automatic;
				CURRENT_PROJECT_VERSION = 1;
				DEVELOPMENT_TEAM = F64R8B5WJD;
				GENERATE_INFOPLIST_FILE = YES;
				MARKETING_VERSION = 1.0;
				PRODUCT_BUNDLE_IDENTIFIER = TFIxDoko.NoteAiUITests;
				PRODUCT_NAME = "$(TARGET_NAME)";
				SWIFT_EMIT_LOC_STRINGS = NO;
				SWIFT_VERSION = 5.0;
				TARGETED_DEVICE_FAMILY = "1,2";
				TEST_TARGET_NAME = NoteAi;
			};
			name = Release;
		};
/* End XCBuildConfiguration section */

/* Begin XCConfigurationList section */
		3A6FD0EB2DCA99360056FB2C /* Build configuration list for PBXProject "NoteAi" */ = {
			isa = XCConfigurationList;
			buildConfigurations = (
				3A6FD1122DCA99380056FB2C /* Debug */,
				3A6FD1132DCA99380056FB2C /* Release */,
			);
			defaultConfigurationIsVisible = 0;
			defaultConfigurationName = Release;
		};
		3A6FD1142DCA99380056FB2C /* Build configuration list for PBXNativeTarget "NoteAi" */ = {
			isa = XCConfigurationList;
			buildConfigurations = (
				3A6FD1152DCA99380056FB2C /* Debug */,
				3A6FD1162DCA99380056FB2C /* Release */,
			);
			defaultConfigurationIsVisible = 0;
			defaultConfigurationName = Release;
		};
		3A6FD1172DCA99380056FB2C /* Build configuration list for PBXNativeTarget "NoteAiTests" */ = {
			isa = XCConfigurationList;
			buildConfigurations = (
				3A6FD1182DCA99380056FB2C /* Debug */,
				3A6FD1192DCA99380056FB2C /* Release */,
			);
			defaultConfigurationIsVisible = 0;
			defaultConfigurationName = Release;
		};
		3A6FD11A2DCA99380056FB2C /* Build configuration list for PBXNativeTarget "NoteAiUITests" */ = {
			isa = XCConfigurationList;
			buildConfigurations = (
				3A6FD11B2DCA99380056FB2C /* Debug */,
				3A6FD11C2DCA99380056FB2C /* Release */,
			);
			defaultConfigurationIsVisible = 0;
			defaultConfigurationName = Release;
		};
/* End XCConfigurationList section */
	};
	rootObject = 3A6FD0E82DCA99360056FB2C /* Project object */;
}
